
Microsoft Visual Studio Solution File, Format Version 12.00
# Visual Studio Version 16
VisualStudioVersion = 16.0.29613.14
MinimumVisualStudioVersion = 10.0.40219.1
Project("{FAE04EC0-301F-11D3-BF4B-00C04F79EFBC}") = "projectcv", "projectcv\projectcv.csproj", "{48DD1E50-6040-44CA-B5F1-DDEB0087DB15}"
EndProject
Global
	GlobalSection(SolutionConfigurationPlatforms) = preSolution
		Debug|Any CPU = Debug|Any CPU
		Release|Any CPU = Release|Any CPU
	EndGlobalSection
	GlobalSection(ProjectConfigurationPlatforms) = postSolution
		{48DD1E50-6040-44CA-B5F1-DDEB0087DB15}.Debug|Any CPU.ActiveCfg = Debug|Any CPU
		{48DD1E50-6040-44CA-B5F1-DDEB0087DB15}.Debug|Any CPU.Build.0 = Debug|Any CPU
		{48DD1E50-6040-44CA-B5F1-DDEB0087DB15}.Release|Any CPU.ActiveCfg = Release|Any CPU
		{48DD1E50-6040-44CA-B5F1-DDEB0087DB15}.Release|Any CPU.Build.0 = Release|Any CPU
	EndGlobalSection
	GlobalSection(SolutionProperties) = preSolution
		HideSolutionNode = FALSE
	EndGlobalSection
	GlobalSection(ExtensibilityGlobals) = postSolution
		SolutionGuid = {BFECC866-D8FB-4A94-A214-04A0B989997C}
	EndGlobalSection
EndGlobal
